// !$*UTF8*$!
{
	archiveVersion = 1;
	classes = {
	};
	objectVersion = 46;
	objects = {

/* Begin PBXBuildFile section */
		258D17A11CEAC47500E38245 /* AppDelegate.swift in Sources */ = {isa = PBXBuildFile; fileRef = 258D17A01CEAC47500E38245 /* AppDelegate.swift */; };
		258D17A31CEAC47500E38245 /* ViewController.swift in Sources */ = {isa = PBXBuildFile; fileRef = 258D17A21CEAC47500E38245 /* ViewController.swift */; };
		258D17A61CEAC47500E38245 /* Main.storyboard in Resources */ = {isa = PBXBuildFile; fileRef = 258D17A41CEAC47500E38245 /* Main.storyboard */; };
		258D17A91CEAC47500E38245 /* Rainbow.xcdatamodeld in Sources */ = {isa = PBXBuildFile; fileRef = 258D17A71CEAC47500E38245 /* Rainbow.xcdatamodeld */; };
		258D17AB1CEAC47500E38245 /* Assets.xcassets in Resources */ = {isa = PBXBuildFile; fileRef = 258D17AA1CEAC47500E38245 /* Assets.xcassets */; };
		258D17AE1CEAC47500E38245 /* LaunchScreen.storyboard in Resources */ = {isa = PBXBuildFile; fileRef = 258D17AC1CEAC47500E38245 /* LaunchScreen.storyboard */; };
		258D17BA1CEAC56F00E38245 /* Rainbow.swift in Sources */ = {isa = PBXBuildFile; fileRef = 258D17B91CEAC56F00E38245 /* Rainbow.swift */; };
/* End PBXBuildFile section */

/* Begin PBXFileReference section */
		258D179D1CEAC47500E38245 /* Rainbow.app */ = {isa = PBXFileReference; explicitFileType = wrapper.application; includeInIndex = 0; path = Rainbow.app; sourceTree = BUILT_PRODUCTS_DIR; };
		258D17A01CEAC47500E38245 /* AppDelegate.swift */ = {isa = PBXFileReference; lastKnownFileType = sourcecode.swift; path = AppDelegate.swift; sourceTree = "<group>"; };
		258D17A21CEAC47500E38245 /* ViewController.swift */ = {isa = PBXFileReference; lastKnownFileType = sourcecode.swift; path = ViewController.swift; sourceTree = "<group>"; };
		258D17A51CEAC47500E38245 /* Base */ = {isa = PBXFileReference; lastKnownFileType = file.storyboard; name = Base; path = Base.lproj/Main.storyboard; sourceTree = "<group>"; };
		258D17A81CEAC47500E38245 /* Rainbow.xcdatamodel */ = {isa = PBXFileReference; lastKnownFileType = wrapper.xcdatamodel; path = Rainbow.xcdatamodel; sourceTree = "<group>"; };
		258D17AA1CEAC47500E38245 /* Assets.xcassets */ = {isa = PBXFileReference; lastKnownFileType = folder.assetcatalog; path = Assets.xcassets; sourceTree = "<group>"; };
		258D17AD1CEAC47500E38245 /* Base */ = {isa = PBXFileReference; lastKnownFileType = file.storyboard; name = Base; path = Base.lproj/LaunchScreen.storyboard; sourceTree = "<group>"; };
		258D17AF1CEAC47500E38245 /* Info.plist */ = {isa = PBXFileReference; lastKnownFileType = text.plist.xml; path = Info.plist; sourceTree = "<group>"; };
		258D17B91CEAC56F00E38245 /* Rainbow.swift */ = {isa = PBXFileReference; fileEncoding = 4; lastKnownFileType = sourcecode.swift; path = Rainbow.swift; sourceTree = "<group>"; };
/* End PBXFileReference section */

/* Begin PBXFrameworksBuildPhase section */
		258D179A1CEAC47500E38245 /* Frameworks */ = {
			isa = PBXFrameworksBuildPhase;
			buildActionMask = 2147483647;
			files = (
			);
			runOnlyForDeploymentPostprocessing = 0;
		};
/* End PBXFrameworksBuildPhase section */

/* Begin PBXGroup section */
		258D17941CEAC47500E38245 = {
			isa = PBXGroup;
			children = (
				258D179F1CEAC47500E38245 /* Rainbow */,
				258D179E1CEAC47500E38245 /* Products */,
			);
			sourceTree = "<group>";
		};
		258D179E1CEAC47500E38245 /* Products */ = {
			isa = PBXGroup;
			children = (
				258D179D1CEAC47500E38245 /* Rainbow.app */,
			);
			name = Products;
			sourceTree = "<group>";
		};
		258D179F1CEAC47500E38245 /* Rainbow */ = {
			isa = PBXGroup;
			children = (
				258D17A01CEAC47500E38245 /* AppDelegate.swift */,
				258D17A21CEAC47500E38245 /* ViewController.swift */,
				258D17B91CEAC56F00E38245 /* Rainbow.swift */,
				258D17A41CEAC47500E38245 /* Main.storyboard */,
				258D17AA1CEAC47500E38245 /* Assets.xcassets */,
				258D17AC1CEAC47500E38245 /* LaunchScreen.storyboard */,
				258D17AF1CEAC47500E38245 /* Info.plist */,
				258D17A71CEAC47500E38245 /* Rainbow.xcdatamodeld */,
			);
			path = Rainbow;
			sourceTree = "<group>";
		};
/* End PBXGroup section */

/* Begin PBXNativeTarget section */
		258D179C1CEAC47500E38245 /* Rainbow */ = {
			isa = PBXNativeTarget;
			buildConfigurationList = 258D17B21CEAC47500E38245 /* Build configuration list for PBXNativeTarget "Rainbow" */;
			buildPhases = (
				258D17991CEAC47500E38245 /* Sources */,
				258D179A1CEAC47500E38245 /* Frameworks */,
				258D179B1CEAC47500E38245 /* Resources */,
			);
			buildRules = (
			);
			dependencies = (
			);
			name = Rainbow;
			productName = Rainbow;
			productReference = 258D179D1CEAC47500E38245 /* Rainbow.app */;
			productType = "com.apple.product-type.application";
		};
/* End PBXNativeTarget section */

/* Begin PBXProject section */
		258D17951CEAC47500E38245 /* Project object */ = {
			isa = PBXProject;
			attributes = {
				LastSwiftUpdateCheck = 0730;
				LastUpgradeCheck = 0730;
				ORGANIZATIONNAME = Yans;
				TargetAttributes = {
					258D179C1CEAC47500E38245 = {
						CreatedOnToolsVersion = 7.3;
						DevelopmentTeam = UTSJXW72F3;
					};
				};
			};
			buildConfigurationList = 258D17981CEAC47500E38245 /* Build configuration list for PBXProject "Rainbow" */;
			compatibilityVersion = "Xcode 3.2";
			developmentRegion = English;
			hasScannedForEncodings = 0;
			knownRegions = (
				en,
				Base,
			);
			mainGroup = 258D17941CEAC47500E38245;
			productRefGroup = 258D179E1CEAC47500E38245 /* Products */;
			projectDirPath = "";
			projectRoot = "";
			targets = (
				258D179C1CEAC47500E38245 /* Rainbow */,
			);
		};
/* End PBXProject section */

/* Begin PBXResourcesBuildPhase section */
		258D179B1CEAC47500E38245 /* Resources */ = {
			isa = PBXResourcesBuildPhase;
			buildActionMask = 2147483647;
			files = (
				258D17AE1CEAC47500E38245 /* LaunchScreen.storyboard in Resources */,
				258D17AB1CEAC47500E38245 /* Assets.xcassets in Resources */,
				258D17A61CEAC47500E38245 /* Main.storyboard in Resources */,
			);
			runOnlyForDeploymentPostprocessing = 0;
		};
/* End PBXResourcesBuildPhase section */

/* Begin PBXSourcesBuildPhase section */
		258D17991CEAC47500E38245 /* Sources */ = {
			isa = PBXSourcesBuildPhase;
			buildActionMask = 2147483647;
			files = (
				258D17A31CEAC47500E38245 /* ViewController.swift in Sources */,
				258D17A11CEAC47500E38245 /* AppDelegate.swift in Sources */,
				258D17BA1CEAC56F00E38245 /* Rainbow.swift in Sources */,
				258D17A91CEAC47500E38245 /* Rainbow.xcdatamodeld in Sources */,
			);
			runOnlyForDeploymentPostprocessing = 0;
		};
/* End PBXSourcesBuildPhase section */

/* Begin PBXVariantGroup section */
		258D17A41CEAC47500E38245 /* Main.storyboard */ = {
			isa = PBXVariantGroup;
			children = (
				258D17A51CEAC47500E38245 /* Base */,
			);
			name = Main.storyboard;
			sourceTree = "<group>";
		};
		258D17AC1CEAC47500E38245 /* LaunchScreen.storyboard */ = {
			isa = PBXVariantGroup;
			children = (
				258D17AD1CEAC47500E38245 /* Base */,
			);
			name = LaunchScreen.storyboard;
			sourceTree = "<group>";
		};
/* End PBXVariantGroup section */

/* Begin XCBuildConfiguration section */
		258D17B01CEAC47500E38245 /* Debug */ = {
			isa = XCBuildConfiguration;
			buildSettings = {
				ALWAYS_SEARCH_USER_PATHS = NO;
				CLANG_ANALYZER_NONNULL = YES;
				CLANG_CXX_LANGUAGE_STANDARD = "gnu++0x";
				CLANG_CXX_LIBRARY = "libc++";
				CLANG_ENABLE_MODULES = YES;
				CLANG_ENABLE_OBJC_ARC = YES;
				CLANG_WARN_BOOL_CONVERSION = YES;
				CLANG_WARN_CONSTANT_CONVERSION = YES;
				CLANG_WARN_DIRECT_OBJC_ISA_USAGE = YES_ERROR;
				CLANG_WARN_EMPTY_BODY = YES;
				CLANG_WARN_ENUM_CONVERSION = YES;
				CLANG_WARN_INT_CONVERSION = YES;
				CLANG_WARN_OBJC_ROOT_CLASS = YES_ERROR;
				CLANG_WARN_UNREACHABLE_CODE = YES;
				CLANG_WARN__DUPLICATE_METHOD_MATCH = YES;
				"CODE_SIGN_IDENTITY[sdk=iphoneos*]" = "iPhone Developer";
				COPY_PHASE_STRIP = NO;
				DEBUG_INFORMATION_FORMAT = dwarf;
				ENABLE_STRICT_OBJC_MSGSEND = YES;
				ENABLE_TESTABILITY = YES;
				GCC_C_LANGUAGE_STANDARD = gnu99;
				GCC_DYNAMIC_NO_PIC = NO;
				GCC_NO_COMMON_BLOCKS = YES;
				GCC_OPTIMIZATION_LEVEL = 0;
				GCC_PREPROCESSOR_DEFINITIONS = (
					"DEBUG=1",
					"$(inherited)",
				);
				GCC_WARN_64_TO_32_BIT_CONVERSION = YES;
				GCC_WARN_ABOUT_RETURN_TYPE = YES_ERROR;
				GCC_WARN_UNDECLARED_SELECTOR = YES;
				GCC_WARN_UNINITIALIZED_AUTOS = YES_AGGRESSIVE;
				GCC_WARN_UNUSED_FUNCTION = YES;
				GCC_WARN_UNUSED_VARIABLE = YES;
				IPHONEOS_DEPLOYMENT_TARGET = 9.3;
				MTL_ENABLE_DEBUG_INFO = YES;
				ONLY_ACTIVE_ARCH = YES;
				SDKROOT = iphoneos;
				SWIFT_OPTIMIZATION_LEVEL = "-Onone";
			};
			name = Debug;
		};
		258D17B11CEAC47500E38245 /* Release */ = {
			isa = XCBuildConfiguration;
			buildSettings = {
				ALWAYS_SEARCH_USER_PATHS = NO;
				CLANG_ANALYZER_NONNULL = YES;
				CLANG_CXX_LANGUAGE_STANDARD = "gnu++0x";
				CLANG_CXX_LIBRARY = "libc++";
				CLANG_ENABLE_MODULES = YES;
				CLANG_ENABLE_OBJC_ARC = YES;
				CLANG_WARN_BOOL_CONVERSION = YES;
				CLANG_WARN_CONSTANT_CONVERSION = YES;
				CLANG_WARN_DIRECT_OBJC_ISA_USAGE = YES_ERROR;
				CLANG_WARN_EMPTY_BODY = YES;
				CLANG_WARN_ENUM_CONVERSION = YES;
				CLANG_WARN_INT_CONVERSION = YES;
				CLANG_WARN_OBJC_ROOT_CLASS = YES_ERROR;
				CLANG_WARN_UNREACHABLE_CODE = YES;
				CLANG_WARN__DUPLICATE_METHOD_MATCH = YES;
				"CODE_SIGN_IDENTITY[sdk=iphoneos*]" = "iPhone Developer";
				COPY_PHASE_STRIP = NO;
				DEBUG_INFORMATION_FORMAT = "dwarf-with-dsym";
				ENABLE_NS_ASSERTIONS = NO;
				ENABLE_STRICT_OBJC_MSGSEND = YES;
				GCC_C_LANGUAGE_STANDARD = gnu99;
				GCC_NO_COMMON_BLOCKS = YES;
				GCC_WARN_64_TO_32_BIT_CONVERSION = YES;
				GCC_WARN_ABOUT_RETURN_TYPE = YES_ERROR;
				GCC_WARN_UNDECLARED_SELECTOR = YES;
				GCC_WARN_UNINITIALIZED_AUTOS = YES_AGGRESSIVE;
				GCC_WARN_UNUSED_FUNCTION = YES;
				GCC_WARN_UNUSED_VARIABLE = YES;
				IPHONEOS_DEPLOYMENT_TARGET = 9.3;
				MTL_ENABLE_DEBUG_INFO = NO;
				SDKROOT = iphoneos;
				VALIDATE_PRODUCT = YES;
			};
			name = Release;
		};
		258D17B31CEAC47500E38245 /* Debug */ = {
			isa = XCBuildConfiguration;
			buildSettings = {
				ASSETCATALOG_COMPILER_APPICON_NAME = AppIcon;
				INFOPLIST_FILE = Rainbow/Info.plist;
				LD_RUNPATH_SEARCH_PATHS = "$(inherited) @executable_path/Frameworks";
				PRODUCT_BUNDLE_IDENTIFIER = Yans.Rainbow;
				PRODUCT_NAME = "$(TARGET_NAME)";
			};
			name = Debug;
		};
		258D17B41CEAC47500E38245 /* Release */ = {
			isa = XCBuildConfiguration;
			buildSettings = {
				ASSETCATALOG_COMPILER_APPICON_NAME = AppIcon;
				INFOPLIST_FILE = Rainbow/Info.plist;
				LD_RUNPATH_SEARCH_PATHS = "$(inherited) @executable_path/Frameworks";
				PRODUCT_BUNDLE_IDENTIFIER = Yans.Rainbow;
				PRODUCT_NAME = "$(TARGET_NAME)";
			};
			name = Release;
		};
/* End XCBuildConfiguration section */

/* Begin XCConfigurationList section */
		258D17981CEAC47500E38245 /* Build configuration list for PBXProject "Rainbow" */ = {
			isa = XCConfigurationList;
			buildConfigurations = (
				258D17B01CEAC47500E38245 /* Debug */,
				258D17B11CEAC47500E38245 /* Release */,
			);
			defaultConfigurationIsVisible = 0;
			defaultConfigurationName = Release;
		};
		258D17B21CEAC47500E38245 /* Build configuration list for PBXNativeTarget "Rainbow" */ = {
			isa = XCConfigurationList;
			buildConfigurations = (
				258D17B31CEAC47500E38245 /* Debug */,
				258D17B41CEAC47500E38245 /* Release */,
			);
			defaultConfigurationIsVisible = 0;
		};
/* End XCConfigurationList section */

/* Begin XCVersionGroup section */
		258D17A71CEAC47500E38245 /* Rainbow.xcdatamodeld */ = {
			isa = XCVersionGroup;
			children = (
				258D17A81CEAC47500E38245 /* Rainbow.xcdatamodel */,
			);
			currentVersion = 258D17A81CEAC47500E38245 /* Rainbow.xcdatamodel */;
			path = Rainbow.xcdatamodeld;
			sourceTree = "<group>";
			versionGroupType = wrapper.xcdatamodel;
		};
/* End XCVersionGroup section */
	};
	rootObject = 258D17951CEAC47500E38245 /* Project object */;
}
